
Microsoft Visual Studio Solution File, Format Version 12.00
# Visual Studio 15
VisualStudioVersion = 15.0.26730.16
MinimumVisualStudioVersion = 10.0.40219.1
Project("{9A19103F-16F7-4668-BE54-9A1E7A4F7556}") = "SecurityCoding", "SecurityCoding\SecurityCoding.csproj", "{3074BC30-E781-43C0-9788-F4F710D4C746}"
EndProject
Global
	GlobalSection(SolutionConfigurationPlatforms) = preSolution
		Debug|Any CPU = Debug|Any CPU
		Debug|ARM = Debug|ARM
		Debug|x64 = Debug|x64
		Debug|x86 = Debug|x86
		Release|Any CPU = Release|Any CPU
		Release|ARM = Release|ARM
		Release|x64 = Release|x64
		Release|x86 = Release|x86
	EndGlobalSection
	GlobalSection(ProjectConfigurationPlatforms) = postSolution
		{3074BC30-E781-43C0-9788-F4F710D4C746}.Debug|Any CPU.ActiveCfg = Debug|Any CPU
		{3074BC30-E781-43C0-9788-F4F710D4C746}.Debug|Any CPU.Build.0 = Debug|Any CPU
		{3074BC30-E781-43C0-9788-F4F710D4C746}.Debug|ARM.ActiveCfg = Debug|Any CPU
		{3074BC30-E781-43C0-9788-F4F710D4C746}.Debug|ARM.Build.0 = Debug|Any CPU
		{3074BC30-E781-43C0-9788-F4F710D4C746}.Debug|x64.ActiveCfg = Debug|Any CPU
		{3074BC30-E781-43C0-9788-F4F710D4C746}.Debug|x64.Build.0 = Debug|Any CPU
		{3074BC30-E781-43C0-9788-F4F710D4C746}.Debug|x86.ActiveCfg = Debug|Any CPU
		{3074BC30-E781-43C0-9788-F4F710D4C746}.Debug|x86.Build.0 = Debug|Any CPU
		{3074BC30-E781-43C0-9788-F4F710D4C746}.Release|Any CPU.ActiveCfg = Release|Any CPU
		{3074BC30-E781-43C0-9788-F4F710D4C746}.Release|Any CPU.Build.0 = Release|Any CPU
		{3074BC30-E781-43C0-9788-F4F710D4C746}.Release|ARM.ActiveCfg = Release|Any CPU
		{3074BC30-E781-43C0-9788-F4F710D4C746}.Release|ARM.Build.0 = Release|Any CPU
		{3074BC30-E781-43C0-9788-F4F710D4C746}.Release|x64.ActiveCfg = Release|Any CPU
		{3074BC30-E781-43C0-9788-F4F710D4C746}.Release|x64.Build.0 = Release|Any CPU
		{3074BC30-E781-43C0-9788-F4F710D4C746}.Release|x86.ActiveCfg = Release|Any CPU
		{3074BC30-E781-43C0-9788-F4F710D4C746}.Release|x86.Build.0 = Release|Any CPU
	EndGlobalSection
	GlobalSection(SolutionProperties) = preSolution
		HideSolutionNode = FALSE
	EndGlobalSection
	GlobalSection(ExtensibilityGlobals) = postSolution
		SolutionGuid = {40016D45-48D8-4622-B332-E58F0D8384F5}
	EndGlobalSection
EndGlobal
